
Microsoft Visual Studio Solution File, Format Version 12.00
# Visual Studio Version 16
VisualStudioVersion = 25.0.1706.2
MinimumVisualStudioVersion = 10.0.40219.1
Project("{FAE04EC0-301F-11D3-BF4B-00C04F79EFBC}") = "Biblioteca", "Biblioteca\Biblioteca.csproj", "{0A366819-4AFB-434F-AB6F-059A74955CDC}"
EndProject
Global
	GlobalSection(SolutionConfigurationPlatforms) = preSolution
		Debug|Any CPU = Debug|Any CPU
		Release|Any CPU = Release|Any CPU
	EndGlobalSection
	GlobalSection(ProjectConfigurationPlatforms) = postSolution
		{0A366819-4AFB-434F-AB6F-059A74955CDC}.Debug|Any CPU.ActiveCfg = Debug|Any CPU
		{0A366819-4AFB-434F-AB6F-059A74955CDC}.Debug|Any CPU.Build.0 = Debug|Any CPU
		{0A366819-4AFB-434F-AB6F-059A74955CDC}.Release|Any CPU.ActiveCfg = Release|Any CPU
		{0A366819-4AFB-434F-AB6F-059A74955CDC}.Release|Any CPU.Build.0 = Release|Any CPU
	EndGlobalSection
	GlobalSection(SolutionProperties) = preSolution
		HideSolutionNode = FALSE
	EndGlobalSection
	GlobalSection(ExtensibilityGlobals) = postSolution
		SolutionGuid = {05682017-3FFE-446E-8998-C5598305C063}
	EndGlobalSection
EndGlobal
